<?xml version="1.0" encoding="utf-8"?>
<Project ToolsVersion="4.0" xmlns="http://schemas.microsoft.com/developer/msbuild/2003">
  <ItemGroup>
    <Filter Include="소스 파일">
      <UniqueIdentifier>{4FC737F1-C7A5-4376-A066-2A32D752A2FF}</UniqueIdentifier>
      <Extensions>cpp;c;cc;cxx;def;odl;idl;hpj;bat;asm;asmx</Extensions>
    </Filter>
    <Filter Include="헤더 파일">
      <UniqueIdentifier>{93995380-89BD-4b04-88EB-625FBE52EBFB}</UniqueIdentifier>
      <Extensions>h;hh;hpp;hxx;hm;inl;inc;xsd</Extensions>
    </Filter>
    <Filter Include="리소스 파일">
      <UniqueIdentifier>{67DA6AB6-F800-4c08-8B7A-83BB121AAD01}</UniqueIdentifier>
      <Extensions>rc;ico;cur;bmp;dlg;rc2;rct;bin;rgs;gif;jpg;jpeg;jpe;resx;tiff;tif;png;wav;mfcribbon-ms</Extensions>
    </Filter>
    <Filter Include="GameFramework2D">
      <UniqueIdentifier>{9027630e-676d-4608-95b4-0169bff1cdd7}</UniqueIdentifier>
    </Filter>
    <Filter Include="GameFramework2D\Managers">
      <UniqueIdentifier>{25018839-79b6-49eb-99e4-2fd9341e3d49}</UniqueIdentifier>
    </Filter>
    <Filter Include="gameStudy">
      <UniqueIdentifier>{8d43c7ec-7851-491a-922c-8c66c8c45adc}</UniqueIdentifier>
    </Filter>
    <Filter Include="GameFramework2D\image">
      <UniqueIdentifier>{22cf40c1-bb58-4ab0-890b-48a86d625909}</UniqueIdentifier>
    </Filter>
    <Filter Include="GameFramework2D\utils">
      <UniqueIdentifier>{dea4089c-0777-4b56-a9e2-be47b982643c}</UniqueIdentifier>
    </Filter>
    <Filter Include="gameStudy\bullets">
      <UniqueIdentifier>{53f7f853-aaed-4377-8f56-f8efe3d614c0}</UniqueIdentifier>
    </Filter>
    <Filter Include="gameStudy\starwarsScene">
      <UniqueIdentifier>{14ff23ef-e561-483f-8bae-a3bbe03750fe}</UniqueIdentifier>
    </Filter>
    <Filter Include="gameStudy\enemy">
      <UniqueIdentifier>{2bf07083-dafe-48f3-9334-4b104350dc65}</UniqueIdentifier>
    </Filter>
    <Filter Include="GameFramework2D\timer">
      <UniqueIdentifier>{cc281109-c30a-4b48-830e-7a839d96aaba}</UniqueIdentifier>
    </Filter>
  </ItemGroup>
  <ItemGroup>
    <Text Include="ReadMe.txt" />
  </ItemGroup>
  <ItemGroup>
    <ClInclude Include="stdafx.h">
      <Filter>헤더 파일</Filter>
    </ClInclude>
    <ClInclude Include="targetver.h">
      <Filter>헤더 파일</Filter>
    </ClInclude>
    <ClInclude Include="commonMacroFunction.h">
      <Filter>헤더 파일</Filter>
    </ClInclude>
    <ClInclude Include="randomFunction.h">
      <Filter>헤더 파일</Filter>
    </ClInclude>
    <ClInclude Include="singletonBase.h">
      <Filter>GameFramework2D\Managers</Filter>
    </ClInclude>
    <ClInclude Include="gameNode.h">
      <Filter>GameFramework2D</Filter>
    </ClInclude>
    <ClInclude Include="gameStudy.h">
      <Filter>gameStudy</Filter>
    </ClInclude>
    <ClInclude Include="keyManager.h">
      <Filter>GameFramework2D\Managers</Filter>
    </ClInclude>
    <ClInclude Include="image.h">
      <Filter>GameFramework2D\image</Filter>
    </ClInclude>
    <ClInclude Include="utils.h">
      <Filter>GameFramework2D\utils</Filter>
    </ClInclude>
    <ClInclude Include="imageManager.h">
      <Filter>GameFramework2D\Managers</Filter>
    </ClInclude>
    <ClInclude Include="bullets.h">
      <Filter>gameStudy\bullets</Filter>
    </ClInclude>
    <ClInclude Include="spaceShip.h">
      <Filter>gameStudy\starwarsScene</Filter>
    </ClInclude>
    <ClInclude Include="enemy.h">
      <Filter>gameStudy\enemy</Filter>
    </ClInclude>
    <ClInclude Include="minion.h">
      <Filter>gameStudy\enemy</Filter>
    </ClInclude>
    <ClInclude Include="enemyManager.h">
      <Filter>gameStudy\enemy</Filter>
    </ClInclude>
    <ClInclude Include="timer.h">
      <Filter>GameFramework2D\timer</Filter>
    </ClInclude>
    <ClInclude Include="timeManager.h">
      <Filter>GameFramework2D\Managers</Filter>
    </ClInclude>
  </ItemGroup>
  <ItemGroup>
    <ClCompile Include="stdafx.cpp">
      <Filter>소스 파일</Filter>
    </ClCompile>
    <ClCompile Include="winMain.cpp">
      <Filter>소스 파일</Filter>
    </ClCompile>
    <ClCompile Include="gameNode.cpp">
      <Filter>GameFramework2D</Filter>
    </ClCompile>
    <ClCompile Include="gameStudy.cpp">
      <Filter>gameStudy</Filter>
    </ClCompile>
    <ClCompile Include="keyManager.cpp">
      <Filter>GameFramework2D\Managers</Filter>
    </ClCompile>
    <ClCompile Include="image.cpp">
      <Filter>GameFramework2D\image</Filter>
    </ClCompile>
    <ClCompile Include="utils.cpp">
      <Filter>GameFramework2D\utils</Filter>
    </ClCompile>
    <ClCompile Include="imageManager.cpp">
      <Filter>GameFramework2D\Managers</Filter>
    </ClCompile>
    <ClCompile Include="bullets.cpp">
      <Filter>gameStudy\bullets</Filter>
    </ClCompile>
    <ClCompile Include="spaceShip.cpp">
      <Filter>gameStudy\starwarsScene</Filter>
    </ClCompile>
    <ClCompile Include="enemy.cpp">
      <Filter>gameStudy\enemy</Filter>
    </ClCompile>
    <ClCompile Include="minion.cpp">
      <Filter>gameStudy\enemy</Filter>
    </ClCompile>
    <ClCompile Include="enemyManager.cpp">
      <Filter>gameStudy\enemy</Filter>
    </ClCompile>
    <ClCompile Include="timer.cpp">
      <Filter>GameFramework2D\timer</Filter>
    </ClCompile>
    <ClCompile Include="timeManager.cpp">
      <Filter>GameFramework2D\Managers</Filter>
    </ClCompile>
  </ItemGroup>
</Project>